// !$*UTF8*$!
{
	archiveVersion = 1;
	classes = {
	};
	objectVersion = 50;
	objects = {

/* Begin PBXBuildFile section */
		1887CEFB261C8F73003484F2 /* AppDelegate.swift in Sources */ = {isa = PBXBuildFile; fileRef = 1887CEFA261C8F73003484F2 /* AppDelegate.swift */; };
		1887CEFD261C8F73003484F2 /* SceneDelegate.swift in Sources */ = {isa = PBXBuildFile; fileRef = 1887CEFC261C8F73003484F2 /* SceneDelegate.swift */; };
		1887CEFF261C8F73003484F2 /* ViewController.swift in Sources */ = {isa = PBXBuildFile; fileRef = 1887CEFE261C8F73003484F2 /* ViewController.swift */; };
		1887CF02261C8F73003484F2 /* Main.storyboard in Resources */ = {isa = PBXBuildFile; fileRef = 1887CF00261C8F73003484F2 /* Main.storyboard */; };
		1887CF04261C8F75003484F2 /* Assets.xcassets in Resources */ = {isa = PBXBuildFile; fileRef = 1887CF03261C8F75003484F2 /* Assets.xcassets */; };
		1887CF07261C8F75003484F2 /* LaunchScreen.storyboard in Resources */ = {isa = PBXBuildFile; fileRef = 1887CF05261C8F75003484F2 /* LaunchScreen.storyboard */; };
		DCC4D98FF29047B776CC3438 /* Pods_CustomFrameworkApp.framework in Frameworks */ = {isa = PBXBuildFile; fileRef = 0F43F884CAA66A7E76848002 /* Pods_CustomFrameworkApp.framework */; };
/* End PBXBuildFile section */

/* Begin PBXFileReference section */
		0F43F884CAA66A7E76848002 /* Pods_CustomFrameworkApp.framework */ = {isa = PBXFileReference; explicitFileType = wrapper.framework; includeInIndex = 0; path = Pods_CustomFrameworkApp.framework; sourceTree = BUILT_PRODUCTS_DIR; };
		1887CEF7261C8F73003484F2 /* CustomFrameworkApp.app */ = {isa = PBXFileReference; explicitFileType = wrapper.application; includeInIndex = 0; path = CustomFrameworkApp.app; sourceTree = BUILT_PRODUCTS_DIR; };
		1887CEFA261C8F73003484F2 /* AppDelegate.swift */ = {isa = PBXFileReference; lastKnownFileType = sourcecode.swift; path = AppDelegate.swift; sourceTree = "<group>"; };
		1887CEFC261C8F73003484F2 /* SceneDelegate.swift */ = {isa = PBXFileReference; lastKnownFileType = sourcecode.swift; path = SceneDelegate.swift; sourceTree = "<group>"; };
		1887CEFE261C8F73003484F2 /* ViewController.swift */ = {isa = PBXFileReference; lastKnownFileType = sourcecode.swift; path = ViewController.swift; sourceTree = "<group>"; };
		1887CF01261C8F73003484F2 /* Base */ = {isa = PBXFileReference; lastKnownFileType = file.storyboard; name = Base; path = Base.lproj/Main.storyboard; sourceTree = "<group>"; };
		1887CF03261C8F75003484F2 /* Assets.xcassets */ = {isa = PBXFileReference; lastKnownFileType = folder.assetcatalog; path = Assets.xcassets; sourceTree = "<group>"; };
		1887CF06261C8F75003484F2 /* Base */ = {isa = PBXFileReference; lastKnownFileType = file.storyboard; name = Base; path = Base.lproj/LaunchScreen.storyboard; sourceTree = "<group>"; };
		1887CF08261C8F75003484F2 /* Info.plist */ = {isa = PBXFileReference; lastKnownFileType = text.plist.xml; path = Info.plist; sourceTree = "<group>"; };
		9681021DAA90EC48DD1267D3 /* Pods-CustomFrameworkApp.debug.xcconfig */ = {isa = PBXFileReference; includeInIndex = 1; lastKnownFileType = text.xcconfig; name = "Pods-CustomFrameworkApp.debug.xcconfig"; path = "Target Support Files/Pods-CustomFrameworkApp/Pods-CustomFrameworkApp.debug.xcconfig"; sourceTree = "<group>"; };
		A4C9E0CC5AAF9EC6F3066762 /* Pods-CustomFrameworkApp.release.xcconfig */ = {isa = PBXFileReference; includeInIndex = 1; lastKnownFileType = text.xcconfig; name = "Pods-CustomFrameworkApp.release.xcconfig"; path = "Target Support Files/Pods-CustomFrameworkApp/Pods-CustomFrameworkApp.release.xcconfig"; sourceTree = "<group>"; };
/* End PBXFileReference section */

/* Begin PBXFrameworksBuildPhase section */
		1887CEF4261C8F73003484F2 /* Frameworks */ = {
			isa = PBXFrameworksBuildPhase;
			buildActionMask = 2147483647;
			files = (
				DCC4D98FF29047B776CC3438 /* Pods_CustomFrameworkApp.framework in Frameworks */,
			);
			runOnlyForDeploymentPostprocessing = 0;
		};
/* End PBXFrameworksBuildPhase section */

/* Begin PBXGroup section */
		1887CEEE261C8F73003484F2 = {
			isa = PBXGroup;
			children = (
				1887CEF9261C8F73003484F2 /* CustomFrameworkApp */,
				1887CEF8261C8F73003484F2 /* Products */,
				845F91846BFCB8DC215C75AC /* Pods */,
				E3437E378DF64D1747673213 /* Frameworks */,
			);
			sourceTree = "<group>";
		};
		1887CEF8261C8F73003484F2 /* Products */ = {
			isa = PBXGroup;
			children = (
				1887CEF7261C8F73003484F2 /* CustomFrameworkApp.app */,
			);
			name = Products;
			sourceTree = "<group>";
		};
		1887CEF9261C8F73003484F2 /* CustomFrameworkApp */ = {
			isa = PBXGroup;
			children = (
				1887CEFA261C8F73003484F2 /* AppDelegate.swift */,
				1887CEFC261C8F73003484F2 /* SceneDelegate.swift */,
				1887CEFE261C8F73003484F2 /* ViewController.swift */,
				1887CF00261C8F73003484F2 /* Main.storyboard */,
				1887CF03261C8F75003484F2 /* Assets.xcassets */,
				1887CF05261C8F75003484F2 /* LaunchScreen.storyboard */,
				1887CF08261C8F75003484F2 /* Info.plist */,
			);
			path = CustomFrameworkApp;
			sourceTree = "<group>";
		};
		845F91846BFCB8DC215C75AC /* Pods */ = {
			isa = PBXGroup;
			children = (
				9681021DAA90EC48DD1267D3 /* Pods-CustomFrameworkApp.debug.xcconfig */,
				A4C9E0CC5AAF9EC6F3066762 /* Pods-CustomFrameworkApp.release.xcconfig */,
			);
			name = Pods;
			path = Pods;
			sourceTree = "<group>";
		};
		E3437E378DF64D1747673213 /* Frameworks */ = {
			isa = PBXGroup;
			children = (
				0F43F884CAA66A7E76848002 /* Pods_CustomFrameworkApp.framework */,
			);
			name = Frameworks;
			sourceTree = "<group>";
		};
/* End PBXGroup section */

/* Begin PBXNativeTarget section */
		1887CEF6261C8F73003484F2 /* CustomFrameworkApp */ = {
			isa = PBXNativeTarget;
			buildConfigurationList = 1887CF0B261C8F75003484F2 /* Build configuration list for PBXNativeTarget "CustomFrameworkApp" */;
			buildPhases = (
				91D9FAA8025AE435F3F065AD /* [CP] Check Pods Manifest.lock */,
				1887CEF3261C8F73003484F2 /* Sources */,
				1887CEF4261C8F73003484F2 /* Frameworks */,
				1887CEF5261C8F73003484F2 /* Resources */,
				6BEE881E2BE6DD481F2AA2C4 /* [CP] Embed Pods Frameworks */,
			);
			buildRules = (
			);
			dependencies = (
			);
			name = CustomFrameworkApp;
			productName = CustomFrameworkApp;
			productReference = 1887CEF7261C8F73003484F2 /* CustomFrameworkApp.app */;
			productType = "com.apple.product-type.application";
		};
/* End PBXNativeTarget section */

/* Begin PBXProject section */
		1887CEEF261C8F73003484F2 /* Project object */ = {
			isa = PBXProject;
			attributes = {
				LastSwiftUpdateCheck = 1130;
				LastUpgradeCheck = 1130;
				ORGANIZATIONNAME = Apple;
				TargetAttributes = {
					1887CEF6261C8F73003484F2 = {
						CreatedOnToolsVersion = 11.3.1;
					};
				};
			};
			buildConfigurationList = 1887CEF2261C8F73003484F2 /* Build configuration list for PBXProject "CustomFrameworkApp" */;
			compatibilityVersion = "Xcode 9.3";
			developmentRegion = en;
			hasScannedForEncodings = 0;
			knownRegions = (
				en,
				Base,
			);
			mainGroup = 1887CEEE261C8F73003484F2;
			productRefGroup = 1887CEF8261C8F73003484F2 /* Products */;
			projectDirPath = "";
			projectRoot = "";
			targets = (
				1887CEF6261C8F73003484F2 /* CustomFrameworkApp */,
			);
		};
/* End PBXProject section */

/* Begin PBXResourcesBuildPhase section */
		1887CEF5261C8F73003484F2 /* Resources */ = {
			isa = PBXResourcesBuildPhase;
			buildActionMask = 2147483647;
			files = (
				1887CF07261C8F75003484F2 /* LaunchScreen.storyboard in Resources */,
				1887CF04261C8F75003484F2 /* Assets.xcassets in Resources */,
				1887CF02261C8F73003484F2 /* Main.storyboard in Resources */,
			);
			runOnlyForDeploymentPostprocessing = 0;
		};
/* End PBXResourcesBuildPhase section */

/* Begin PBXShellScriptBuildPhase section */
		6BEE881E2BE6DD481F2AA2C4 /* [CP] Embed Pods Frameworks */ = {
			isa = PBXShellScriptBuildPhase;
			buildActionMask = 2147483647;
			files = (
			);
			inputFileListPaths = (
				"${PODS_ROOT}/Target Support Files/Pods-CustomFrameworkApp/Pods-CustomFrameworkApp-frameworks-${CONFIGURATION}-input-files.xcfilelist",
			);
			name = "[CP] Embed Pods Frameworks";
			outputFileListPaths = (
				"${PODS_ROOT}/Target Support Files/Pods-CustomFrameworkApp/Pods-CustomFrameworkApp-frameworks-${CONFIGURATION}-output-files.xcfilelist",
			);
			runOnlyForDeploymentPostprocessing = 0;
			shellPath = /bin/sh;
			shellScript = "\"${PODS_ROOT}/Target Support Files/Pods-CustomFrameworkApp/Pods-CustomFrameworkApp-frameworks.sh\"\n";
			showEnvVarsInLog = 0;
		};
		91D9FAA8025AE435F3F065AD /* [CP] Check Pods Manifest.lock */ = {
			isa = PBXShellScriptBuildPhase;
			buildActionMask = 2147483647;
			files = (
			);
			inputFileListPaths = (
			);
			inputPaths = (
				"${PODS_PODFILE_DIR_PATH}/Podfile.lock",
				"${PODS_ROOT}/Manifest.lock",
			);
			name = "[CP] Check Pods Manifest.lock";
			outputFileListPaths = (
			);
			outputPaths = (
				"$(DERIVED_FILE_DIR)/Pods-CustomFrameworkApp-checkManifestLockResult.txt",
			);
			runOnlyForDeploymentPostprocessing = 0;
			shellPath = /bin/sh;
			shellScript = "diff \"${PODS_PODFILE_DIR_PATH}/Podfile.lock\" \"${PODS_ROOT}/Manifest.lock\" > /dev/null\nif [ $? != 0 ] ; then\n    # print error to STDERR\n    echo \"error: The sandbox is not in sync with the Podfile.lock. Run 'pod install' or update your CocoaPods installation.\" >&2\n    exit 1\nfi\n# This output is used by Xcode 'outputs' to avoid re-running this script phase.\necho \"SUCCESS\" > \"${SCRIPT_OUTPUT_FILE_0}\"\n";
			showEnvVarsInLog = 0;
		};
/* End PBXShellScriptBuildPhase section */

/* Begin PBXSourcesBuildPhase section */
		1887CEF3261C8F73003484F2 /* Sources */ = {
			isa = PBXSourcesBuildPhase;
			buildActionMask = 2147483647;
			files = (
				1887CEFF261C8F73003484F2 /* ViewController.swift in Sources */,
				1887CEFB261C8F73003484F2 /* AppDelegate.swift in Sources */,
				1887CEFD261C8F73003484F2 /* SceneDelegate.swift in Sources */,
			);
			runOnlyForDeploymentPostprocessing = 0;
		};
/* End PBXSourcesBuildPhase section */

/* Begin PBXVariantGroup section */
		1887CF00261C8F73003484F2 /* Main.storyboard */ = {
			isa = PBXVariantGroup;
			children = (
				1887CF01261C8F73003484F2 /* Base */,
			);
			name = Main.storyboard;
			sourceTree = "<group>";
		};
		1887CF05261C8F75003484F2 /* LaunchScreen.storyboard */ = {
			isa = PBXVariantGroup;
			children = (
				1887CF06261C8F75003484F2 /* Base */,
			);
			name = LaunchScreen.storyboard;
			sourceTree = "<group>";
		};
/* End PBXVariantGroup section */

/* Begin XCBuildConfiguration section */
		1887CF09261C8F75003484F2 /* Debug */ = {
			isa = XCBuildConfiguration;
			buildSettings = {
				ALWAYS_SEARCH_USER_PATHS = NO;
				CLANG_ANALYZER_NONNULL = YES;
				CLANG_ANALYZER_NUMBER_OBJECT_CONVERSION = YES_AGGRESSIVE;
				CLANG_CXX_LANGUAGE_STANDARD = "gnu++14";
				CLANG_CXX_LIBRARY = "libc++";
				CLANG_ENABLE_MODULES = YES;
				CLANG_ENABLE_OBJC_ARC = YES;
				CLANG_ENABLE_OBJC_WEAK = YES;
				CLANG_WARN_BLOCK_CAPTURE_AUTORELEASING = YES;
				CLANG_WARN_BOOL_CONVERSION = YES;
				CLANG_WARN_COMMA = YES;
				CLANG_WARN_CONSTANT_CONVERSION = YES;
				CLANG_WARN_DEPRECATED_OBJC_IMPLEMENTATIONS = YES;
				CLANG_WARN_DIRECT_OBJC_ISA_USAGE = YES_ERROR;
				CLANG_WARN_DOCUMENTATION_COMMENTS = YES;
				CLANG_WARN_EMPTY_BODY = YES;
				CLANG_WARN_ENUM_CONVERSION = YES;
				CLANG_WARN_INFINITE_RECURSION = YES;
				CLANG_WARN_INT_CONVERSION = YES;
				CLANG_WARN_NON_LITERAL_NULL_CONVERSION = YES;
				CLANG_WARN_OBJC_IMPLICIT_RETAIN_SELF = YES;
				CLANG_WARN_OBJC_LITERAL_CONVERSION = YES;
				CLANG_WARN_OBJC_ROOT_CLASS = YES_ERROR;
				CLANG_WARN_RANGE_LOOP_ANALYSIS = YES;
				CLANG_WARN_STRICT_PROTOTYPES = YES;
				CLANG_WARN_SUSPICIOUS_MOVE = YES;
				CLANG_WARN_UNGUARDED_AVAILABILITY = YES_AGGRESSIVE;
				CLANG_WARN_UNREACHABLE_CODE = YES;
				CLANG_WARN__DUPLICATE_METHOD_MATCH = YES;
				COPY_PHASE_STRIP = NO;
				DEBUG_INFORMATION_FORMAT = dwarf;
				ENABLE_STRICT_OBJC_MSGSEND = YES;
				ENABLE_TESTABILITY = YES;
				GCC_C_LANGUAGE_STANDARD = gnu11;
				GCC_DYNAMIC_NO_PIC = NO;
				GCC_NO_COMMON_BLOCKS = YES;
				GCC_OPTIMIZATION_LEVEL = 0;
				GCC_PREPROCESSOR_DEFINITIONS = (
					"DEBUG=1",
					"$(inherited)",
				);
				GCC_WARN_64_TO_32_BIT_CONVERSION = YES;
				GCC_WARN_ABOUT_RETURN_TYPE = YES_ERROR;
				GCC_WARN_UNDECLARED_SELECTOR = YES;
				GCC_WARN_UNINITIALIZED_AUTOS = YES_AGGRESSIVE;
				GCC_WARN_UNUSED_FUNCTION = YES;
				GCC_WARN_UNUSED_VARIABLE = YES;
				IPHONEOS_DEPLOYMENT_TARGET = 13.2;
				MTL_ENABLE_DEBUG_INFO = INCLUDE_SOURCE;
				MTL_FAST_MATH = YES;
				ONLY_ACTIVE_ARCH = YES;
				SDKROOT = iphoneos;
				SWIFT_ACTIVE_COMPILATION_CONDITIONS = DEBUG;
				SWIFT_OPTIMIZATION_LEVEL = "-Onone";
			};
			name = Debug;
		};
		1887CF0A261C8F75003484F2 /* Release */ = {
			isa = XCBuildConfiguration;
			buildSettings = {
				ALWAYS_SEARCH_USER_PATHS = NO;
				CLANG_ANALYZER_NONNULL = YES;
				CLANG_ANALYZER_NUMBER_OBJECT_CONVERSION = YES_AGGRESSIVE;
				CLANG_CXX_LANGUAGE_STANDARD = "gnu++14";
				CLANG_CXX_LIBRARY = "libc++";
				CLANG_ENABLE_MODULES = YES;
				CLANG_ENABLE_OBJC_ARC = YES;
				CLANG_ENABLE_OBJC_WEAK = YES;
				CLANG_WARN_BLOCK_CAPTURE_AUTORELEASING = YES;
				CLANG_WARN_BOOL_CONVERSION = YES;
				CLANG_WARN_COMMA = YES;
				CLANG_WARN_CONSTANT_CONVERSION = YES;
				CLANG_WARN_DEPRECATED_OBJC_IMPLEMENTATIONS = YES;
				CLANG_WARN_DIRECT_OBJC_ISA_USAGE = YES_ERROR;
				CLANG_WARN_DOCUMENTATION_COMMENTS = YES;
				CLANG_WARN_EMPTY_BODY = YES;
				CLANG_WARN_ENUM_CONVERSION = YES;
				CLANG_WARN_INFINITE_RECURSION = YES;
				CLANG_WARN_INT_CONVERSION = YES;
				CLANG_WARN_NON_LITERAL_NULL_CONVERSION = YES;
				CLANG_WARN_OBJC_IMPLICIT_RETAIN_SELF = YES;
				CLANG_WARN_OBJC_LITERAL_CONVERSION = YES;
				CLANG_WARN_OBJC_ROOT_CLASS = YES_ERROR;
				CLANG_WARN_RANGE_LOOP_ANALYSIS = YES;
				CLANG_WARN_STRICT_PROTOTYPES = YES;
				CLANG_WARN_SUSPICIOUS_MOVE = YES;
				CLANG_WARN_UNGUARDED_AVAILABILITY = YES_AGGRESSIVE;
				CLANG_WARN_UNREACHABLE_CODE = YES;
				CLANG_WARN__DUPLICATE_METHOD_MATCH = YES;
				COPY_PHASE_STRIP = NO;
				DEBUG_INFORMATION_FORMAT = "dwarf-with-dsym";
				ENABLE_NS_ASSERTIONS = NO;
				ENABLE_STRICT_OBJC_MSGSEND = YES;
				GCC_C_LANGUAGE_STANDARD = gnu11;
				GCC_NO_COMMON_BLOCKS = YES;
				GCC_WARN_64_TO_32_BIT_CONVERSION = YES;
				GCC_WARN_ABOUT_RETURN_TYPE = YES_ERROR;
				GCC_WARN_UNDECLARED_SELECTOR = YES;
				GCC_WARN_UNINITIALIZED_AUTOS = YES_AGGRESSIVE;
				GCC_WARN_UNUSED_FUNCTION = YES;
				GCC_WARN_UNUSED_VARIABLE = YES;
				IPHONEOS_DEPLOYMENT_TARGET = 13.2;
				MTL_ENABLE_DEBUG_INFO = NO;
				MTL_FAST_MATH = YES;
				SDKROOT = iphoneos;
				SWIFT_COMPILATION_MODE = wholemodule;
				SWIFT_OPTIMIZATION_LEVEL = "-O";
				VALIDATE_PRODUCT = YES;
			};
			name = Release;
		};
		1887CF0C261C8F75003484F2 /* Debug */ = {
			isa = XCBuildConfiguration;
			baseConfigurationReference = 9681021DAA90EC48DD1267D3 /* Pods-CustomFrameworkApp.debug.xcconfig */;
			buildSettings = {
				ASSETCATALOG_COMPILER_APPICON_NAME = AppIcon;
				CODE_SIGN_STYLE = Automatic;
				INFOPLIST_FILE = CustomFrameworkApp/Info.plist;
				LD_RUNPATH_SEARCH_PATHS = (
					"$(inherited)",
					"@executable_path/Frameworks",
				);
				PRODUCT_BUNDLE_IDENTIFIER = com.apple.com.CustomFrameworkApp;
				PRODUCT_NAME = "$(TARGET_NAME)";
				SWIFT_VERSION = 5.0;
				TARGETED_DEVICE_FAMILY = "1,2";
			};
			name = Debug;
		};
		1887CF0D261C8F75003484F2 /* Release */ = {
			isa = XCBuildConfiguration;
			baseConfigurationReference = A4C9E0CC5AAF9EC6F3066762 /* Pods-CustomFrameworkApp.release.xcconfig */;
			buildSettings = {
				ASSETCATALOG_COMPILER_APPICON_NAME = AppIcon;
				CODE_SIGN_STYLE = Automatic;
				INFOPLIST_FILE = CustomFrameworkApp/Info.plist;
				LD_RUNPATH_SEARCH_PATHS = (
					"$(inherited)",
					"@executable_path/Frameworks",
				);
				PRODUCT_BUNDLE_IDENTIFIER = com.apple.com.CustomFrameworkApp;
				PRODUCT_NAME = "$(TARGET_NAME)";
				SWIFT_VERSION = 5.0;
				TARGETED_DEVICE_FAMILY = "1,2";
			};
			name = Release;
		};
/* End XCBuildConfiguration section */

/* Begin XCConfigurationList section */
		1887CEF2261C8F73003484F2 /* Build configuration list for PBXProject "CustomFrameworkApp" */ = {
			isa = XCConfigurationList;
			buildConfigurations = (
				1887CF09261C8F75003484F2 /* Debug */,
				1887CF0A261C8F75003484F2 /* Release */,
			);
			defaultConfigurationIsVisible = 0;
			defaultConfigurationName = Release;
		};
		1887CF0B261C8F75003484F2 /* Build configuration list for PBXNativeTarget "CustomFrameworkApp" */ = {
			isa = XCConfigurationList;
			buildConfigurations = (
				1887CF0C261C8F75003484F2 /* Debug */,
				1887CF0D261C8F75003484F2 /* Release */,
			);
			defaultConfigurationIsVisible = 0;
			defaultConfigurationName = Release;
		};
/* End XCConfigurationList section */
	};
	rootObject = 1887CEEF261C8F73003484F2 /* Project object */;
}
